
Microsoft Visual Studio Solution File, Format Version 12.00
# Visual Studio 15
VisualStudioVersion = 15.0.27703.2018
MinimumVisualStudioVersion = 10.0.40219.1
Project("{FAE04EC0-301F-11D3-BF4B-00C04F79EFBC}") = "Note", "Note\Note.csproj", "{35E85855-8601-4DF6-9E84-F09932FE1F8F}"
EndProject
Global
	GlobalSection(SolutionConfigurationPlatforms) = preSolution
		Debug|Any CPU = Debug|Any CPU
		Release|Any CPU = Release|Any CPU
	EndGlobalSection
	GlobalSection(ProjectConfigurationPlatforms) = postSolution
		{35E85855-8601-4DF6-9E84-F09932FE1F8F}.Debug|Any CPU.ActiveCfg = Debug|Any CPU
		{35E85855-8601-4DF6-9E84-F09932FE1F8F}.Debug|Any CPU.Build.0 = Debug|Any CPU
		{35E85855-8601-4DF6-9E84-F09932FE1F8F}.Release|Any CPU.ActiveCfg = Release|Any CPU
		{35E85855-8601-4DF6-9E84-F09932FE1F8F}.Release|Any CPU.Build.0 = Release|Any CPU
	EndGlobalSection
	GlobalSection(SolutionProperties) = preSolution
		HideSolutionNode = FALSE
	EndGlobalSection
	GlobalSection(ExtensibilityGlobals) = postSolution
		SolutionGuid = {DF0A4E55-4519-432C-8759-80FB780D1443}
	EndGlobalSection
EndGlobal
